
Microsoft Visual Studio Solution File, Format Version 12.00
# Visual Studio Version 16
VisualStudioVersion = 16.0.30503.244
MinimumVisualStudioVersion = 10.0.40219.1
Project("{FAE04EC0-301F-11D3-BF4B-00C04F79EFBC}") = "Presentacion", "Presentacion\Presentacion.csproj", "{211060A0-221B-47C4-A666-36560DD7572E}"
EndProject
Project("{FAE04EC0-301F-11D3-BF4B-00C04F79EFBC}") = "Entity", "Entity\Entity.csproj", "{603418FF-FA4F-486F-8CCF-309279418785}"
EndProject
Project("{FAE04EC0-301F-11D3-BF4B-00C04F79EFBC}") = "BLL", "BLL\BLL.csproj", "{C37AA23C-4938-49E8-8EAA-7958B66DE54F}"
EndProject
Project("{FAE04EC0-301F-11D3-BF4B-00C04F79EFBC}") = "DAL", "DAL\DAL.csproj", "{23CC2A26-D7FD-489E-9034-680D7DB2CFD4}"
EndProject
Project("{FAE04EC0-301F-11D3-BF4B-00C04F79EFBC}") = "Infraestructura", "Infraestructura\Infraestructura.csproj", "{10092CBA-D7B8-4AE3-9015-0CEC9AD399F5}"
EndProject
Global
	GlobalSection(SolutionConfigurationPlatforms) = preSolution
		Debug|Any CPU = Debug|Any CPU
		Release|Any CPU = Release|Any CPU
	EndGlobalSection
	GlobalSection(ProjectConfigurationPlatforms) = postSolution
		{211060A0-221B-47C4-A666-36560DD7572E}.Debug|Any CPU.ActiveCfg = Debug|Any CPU
		{211060A0-221B-47C4-A666-36560DD7572E}.Debug|Any CPU.Build.0 = Debug|Any CPU
		{211060A0-221B-47C4-A666-36560DD7572E}.Release|Any CPU.ActiveCfg = Release|Any CPU
		{211060A0-221B-47C4-A666-36560DD7572E}.Release|Any CPU.Build.0 = Release|Any CPU
		{603418FF-FA4F-486F-8CCF-309279418785}.Debug|Any CPU.ActiveCfg = Debug|Any CPU
		{603418FF-FA4F-486F-8CCF-309279418785}.Debug|Any CPU.Build.0 = Debug|Any CPU
		{603418FF-FA4F-486F-8CCF-309279418785}.Release|Any CPU.ActiveCfg = Release|Any CPU
		{603418FF-FA4F-486F-8CCF-309279418785}.Release|Any CPU.Build.0 = Release|Any CPU
		{C37AA23C-4938-49E8-8EAA-7958B66DE54F}.Debug|Any CPU.ActiveCfg = Debug|Any CPU
		{C37AA23C-4938-49E8-8EAA-7958B66DE54F}.Debug|Any CPU.Build.0 = Debug|Any CPU
		{C37AA23C-4938-49E8-8EAA-7958B66DE54F}.Release|Any CPU.ActiveCfg = Release|Any CPU
		{C37AA23C-4938-49E8-8EAA-7958B66DE54F}.Release|Any CPU.Build.0 = Release|Any CPU
		{23CC2A26-D7FD-489E-9034-680D7DB2CFD4}.Debug|Any CPU.ActiveCfg = Debug|Any CPU
		{23CC2A26-D7FD-489E-9034-680D7DB2CFD4}.Debug|Any CPU.Build.0 = Debug|Any CPU
		{23CC2A26-D7FD-489E-9034-680D7DB2CFD4}.Release|Any CPU.ActiveCfg = Release|Any CPU
		{23CC2A26-D7FD-489E-9034-680D7DB2CFD4}.Release|Any CPU.Build.0 = Release|Any CPU
		{10092CBA-D7B8-4AE3-9015-0CEC9AD399F5}.Debug|Any CPU.ActiveCfg = Debug|Any CPU
		{10092CBA-D7B8-4AE3-9015-0CEC9AD399F5}.Debug|Any CPU.Build.0 = Debug|Any CPU
		{10092CBA-D7B8-4AE3-9015-0CEC9AD399F5}.Release|Any CPU.ActiveCfg = Release|Any CPU
		{10092CBA-D7B8-4AE3-9015-0CEC9AD399F5}.Release|Any CPU.Build.0 = Release|Any CPU
	EndGlobalSection
	GlobalSection(SolutionProperties) = preSolution
		HideSolutionNode = FALSE
	EndGlobalSection
	GlobalSection(ExtensibilityGlobals) = postSolution
		SolutionGuid = {5CC64056-949B-44FD-B591-976BAC494617}
	EndGlobalSection
EndGlobal
